
Microsoft Visual Studio Solution File, Format Version 12.00
# Visual Studio Version 16
VisualStudioVersion = 16.0.30804.86
MinimumVisualStudioVersion = 10.0.40219.1
Project("{FAE04EC0-301F-11D3-BF4B-00C04F79EFBC}") = "CM-Assist", "CM-Assist\CM-Assist.csproj", "{B8BDDB97-243A-416B-ABBE-57EA1646E184}"
EndProject
Global
	GlobalSection(SolutionConfigurationPlatforms) = preSolution
		Debug|Any CPU = Debug|Any CPU
		Release|Any CPU = Release|Any CPU
	EndGlobalSection
	GlobalSection(ProjectConfigurationPlatforms) = postSolution
		{B8BDDB97-243A-416B-ABBE-57EA1646E184}.Debug|Any CPU.ActiveCfg = Debug|Any CPU
		{B8BDDB97-243A-416B-ABBE-57EA1646E184}.Debug|Any CPU.Build.0 = Debug|Any CPU
		{B8BDDB97-243A-416B-ABBE-57EA1646E184}.Release|Any CPU.ActiveCfg = Release|Any CPU
		{B8BDDB97-243A-416B-ABBE-57EA1646E184}.Release|Any CPU.Build.0 = Release|Any CPU
	EndGlobalSection
	GlobalSection(SolutionProperties) = preSolution
		HideSolutionNode = FALSE
	EndGlobalSection
	GlobalSection(ExtensibilityGlobals) = postSolution
		SolutionGuid = {F93FDD4E-C84E-4C86-9F8A-7A919E3F0CA7}
	EndGlobalSection
EndGlobal
